// !$*UTF8*$!
{
	archiveVersion = 1;
	classes = {
	};
	objectVersion = 56;
	objects = {

/* Begin PBXBuildFile section */
		11E612298BEA918E75294C60 /* Pods_mega_calendar_mega_calendarUITests.framework in Frameworks */ = {isa = PBXBuildFile; fileRef = F22CBC000ADB029A4EF06C1D /* Pods_mega_calendar_mega_calendarUITests.framework */; };
		436A068329F7A0F90058F4C4 /* SectionHeader.txt.swift in Sources */ = {isa = PBXBuildFile; fileRef = 436A068229F7A0F90058F4C4 /* SectionHeader.txt.swift */; };
		56D4E54EA45E65204839CA20 /* Pods_mega_calendarTests.framework in Frameworks */ = {isa = PBXBuildFile; fileRef = 0B7B254E184F66B278F74378 /* Pods_mega_calendarTests.framework */; };
		BC0AF69A29F4540700B0EBE3 /* AppDelegate.swift in Sources */ = {isa = PBXBuildFile; fileRef = BC0AF69929F4540700B0EBE3 /* AppDelegate.swift */; };
		BC0AF69C29F4540700B0EBE3 /* SceneDelegate.swift in Sources */ = {isa = PBXBuildFile; fileRef = BC0AF69B29F4540700B0EBE3 /* SceneDelegate.swift */; };
		BC0AF69E29F4540700B0EBE3 /* ViewController.swift in Sources */ = {isa = PBXBuildFile; fileRef = BC0AF69D29F4540700B0EBE3 /* ViewController.swift */; };
		BC0AF6A129F4540700B0EBE3 /* Main.storyboard in Resources */ = {isa = PBXBuildFile; fileRef = BC0AF69F29F4540700B0EBE3 /* Main.storyboard */; };
		BC0AF6A329F4540800B0EBE3 /* Assets.xcassets in Resources */ = {isa = PBXBuildFile; fileRef = BC0AF6A229F4540800B0EBE3 /* Assets.xcassets */; };
		BC0AF6A629F4540800B0EBE3 /* LaunchScreen.storyboard in Resources */ = {isa = PBXBuildFile; fileRef = BC0AF6A429F4540800B0EBE3 /* LaunchScreen.storyboard */; };
		BC0AF6B129F4540800B0EBE3 /* mega_calendarTests.swift in Sources */ = {isa = PBXBuildFile; fileRef = BC0AF6B029F4540800B0EBE3 /* mega_calendarTests.swift */; };
		BC0AF6BB29F4540800B0EBE3 /* mega_calendarUITests.swift in Sources */ = {isa = PBXBuildFile; fileRef = BC0AF6BA29F4540800B0EBE3 /* mega_calendarUITests.swift */; };
		BC0AF6BD29F4540800B0EBE3 /* mega_calendarUITestsLaunchTests.swift in Sources */ = {isa = PBXBuildFile; fileRef = BC0AF6BC29F4540800B0EBE3 /* mega_calendarUITestsLaunchTests.swift */; };
		BC20AEC229F45AA00053C141 /* DatePickerView.swift in Sources */ = {isa = PBXBuildFile; fileRef = BC20AEC129F45AA00053C141 /* DatePickerView.swift */; };
		BC20AEC429F45AAE0053C141 /* PopUpDatePickerView.swift in Sources */ = {isa = PBXBuildFile; fileRef = BC20AEC329F45AAE0053C141 /* PopUpDatePickerView.swift */; };
		BC20AEC629F45AC20053C141 /* CollectionViewCell.swift in Sources */ = {isa = PBXBuildFile; fileRef = BC20AEC529F45AC20053C141 /* CollectionViewCell.swift */; };
		C36278DE3D4E117687917422 /* Pods_mega_calendar.framework in Frameworks */ = {isa = PBXBuildFile; fileRef = 0D989A9EAD4AF2D4D6498616 /* Pods_mega_calendar.framework */; };
/* End PBXBuildFile section */

/* Begin PBXContainerItemProxy section */
		BC0AF6AD29F4540800B0EBE3 /* PBXContainerItemProxy */ = {
			isa = PBXContainerItemProxy;
			containerPortal = BC0AF68E29F4540700B0EBE3 /* Project object */;
			proxyType = 1;
			remoteGlobalIDString = BC0AF69529F4540700B0EBE3;
			remoteInfo = "mega-calendar";
		};
		BC0AF6B729F4540800B0EBE3 /* PBXContainerItemProxy */ = {
			isa = PBXContainerItemProxy;
			containerPortal = BC0AF68E29F4540700B0EBE3 /* Project object */;
			proxyType = 1;
			remoteGlobalIDString = BC0AF69529F4540700B0EBE3;
			remoteInfo = "mega-calendar";
		};
/* End PBXContainerItemProxy section */

/* Begin PBXFileReference section */
		0B7B254E184F66B278F74378 /* Pods_mega_calendarTests.framework */ = {isa = PBXFileReference; explicitFileType = wrapper.framework; includeInIndex = 0; path = Pods_mega_calendarTests.framework; sourceTree = BUILT_PRODUCTS_DIR; };
		0D989A9EAD4AF2D4D6498616 /* Pods_mega_calendar.framework */ = {isa = PBXFileReference; explicitFileType = wrapper.framework; includeInIndex = 0; path = Pods_mega_calendar.framework; sourceTree = BUILT_PRODUCTS_DIR; };
		30870C0E01F985A1616881B2 /* Pods-mega-calendar-mega-calendarUITests.debug.xcconfig */ = {isa = PBXFileReference; includeInIndex = 1; lastKnownFileType = text.xcconfig; name = "Pods-mega-calendar-mega-calendarUITests.debug.xcconfig"; path = "Target Support Files/Pods-mega-calendar-mega-calendarUITests/Pods-mega-calendar-mega-calendarUITests.debug.xcconfig"; sourceTree = "<group>"; };
		436A068229F7A0F90058F4C4 /* SectionHeader.txt.swift */ = {isa = PBXFileReference; fileEncoding = 4; lastKnownFileType = sourcecode.swift; path = SectionHeader.txt.swift; sourceTree = "<group>"; };
		4B83EF393C1E4879C21A4171 /* Pods-mega-calendar.debug.xcconfig */ = {isa = PBXFileReference; includeInIndex = 1; lastKnownFileType = text.xcconfig; name = "Pods-mega-calendar.debug.xcconfig"; path = "Target Support Files/Pods-mega-calendar/Pods-mega-calendar.debug.xcconfig"; sourceTree = "<group>"; };
		4BEC3836DCC865F3062EC4FC /* Pods-mega-calendarTests.release.xcconfig */ = {isa = PBXFileReference; includeInIndex = 1; lastKnownFileType = text.xcconfig; name = "Pods-mega-calendarTests.release.xcconfig"; path = "Target Support Files/Pods-mega-calendarTests/Pods-mega-calendarTests.release.xcconfig"; sourceTree = "<group>"; };
		B66FA314B41E860940B540A2 /* Pods-mega-calendar.release.xcconfig */ = {isa = PBXFileReference; includeInIndex = 1; lastKnownFileType = text.xcconfig; name = "Pods-mega-calendar.release.xcconfig"; path = "Target Support Files/Pods-mega-calendar/Pods-mega-calendar.release.xcconfig"; sourceTree = "<group>"; };
		BA275A36E696D246FAC20B6C /* Pods-mega-calendarTests.debug.xcconfig */ = {isa = PBXFileReference; includeInIndex = 1; lastKnownFileType = text.xcconfig; name = "Pods-mega-calendarTests.debug.xcconfig"; path = "Target Support Files/Pods-mega-calendarTests/Pods-mega-calendarTests.debug.xcconfig"; sourceTree = "<group>"; };
		BC0AF69629F4540700B0EBE3 /* mega-calendar.app */ = {isa = PBXFileReference; explicitFileType = wrapper.application; includeInIndex = 0; path = "mega-calendar.app"; sourceTree = BUILT_PRODUCTS_DIR; };
		BC0AF69929F4540700B0EBE3 /* AppDelegate.swift */ = {isa = PBXFileReference; lastKnownFileType = sourcecode.swift; path = AppDelegate.swift; sourceTree = "<group>"; };
		BC0AF69B29F4540700B0EBE3 /* SceneDelegate.swift */ = {isa = PBXFileReference; lastKnownFileType = sourcecode.swift; path = SceneDelegate.swift; sourceTree = "<group>"; };
		BC0AF69D29F4540700B0EBE3 /* ViewController.swift */ = {isa = PBXFileReference; lastKnownFileType = sourcecode.swift; path = ViewController.swift; sourceTree = "<group>"; };
		BC0AF6A029F4540700B0EBE3 /* Base */ = {isa = PBXFileReference; lastKnownFileType = file.storyboard; name = Base; path = Base.lproj/Main.storyboard; sourceTree = "<group>"; };
		BC0AF6A229F4540800B0EBE3 /* Assets.xcassets */ = {isa = PBXFileReference; lastKnownFileType = folder.assetcatalog; path = Assets.xcassets; sourceTree = "<group>"; };
		BC0AF6A529F4540800B0EBE3 /* Base */ = {isa = PBXFileReference; lastKnownFileType = file.storyboard; name = Base; path = Base.lproj/LaunchScreen.storyboard; sourceTree = "<group>"; };
		BC0AF6A729F4540800B0EBE3 /* Info.plist */ = {isa = PBXFileReference; lastKnownFileType = text.plist.xml; path = Info.plist; sourceTree = "<group>"; };
		BC0AF6AC29F4540800B0EBE3 /* mega-calendarTests.xctest */ = {isa = PBXFileReference; explicitFileType = wrapper.cfbundle; includeInIndex = 0; path = "mega-calendarTests.xctest"; sourceTree = BUILT_PRODUCTS_DIR; };
		BC0AF6B029F4540800B0EBE3 /* mega_calendarTests.swift */ = {isa = PBXFileReference; lastKnownFileType = sourcecode.swift; path = mega_calendarTests.swift; sourceTree = "<group>"; };
		BC0AF6B629F4540800B0EBE3 /* mega-calendarUITests.xctest */ = {isa = PBXFileReference; explicitFileType = wrapper.cfbundle; includeInIndex = 0; path = "mega-calendarUITests.xctest"; sourceTree = BUILT_PRODUCTS_DIR; };
		BC0AF6BA29F4540800B0EBE3 /* mega_calendarUITests.swift */ = {isa = PBXFileReference; lastKnownFileType = sourcecode.swift; path = mega_calendarUITests.swift; sourceTree = "<group>"; };
		BC0AF6BC29F4540800B0EBE3 /* mega_calendarUITestsLaunchTests.swift */ = {isa = PBXFileReference; lastKnownFileType = sourcecode.swift; path = mega_calendarUITestsLaunchTests.swift; sourceTree = "<group>"; };
		BC20AEC129F45AA00053C141 /* DatePickerView.swift */ = {isa = PBXFileReference; fileEncoding = 4; lastKnownFileType = sourcecode.swift; name = DatePickerView.swift; path = Subviews/DatePickerView.swift; sourceTree = "<group>"; };
		BC20AEC329F45AAE0053C141 /* PopUpDatePickerView.swift */ = {isa = PBXFileReference; fileEncoding = 4; lastKnownFileType = sourcecode.swift; name = PopUpDatePickerView.swift; path = Subviews/PopUpDatePickerView.swift; sourceTree = "<group>"; };
		BC20AEC529F45AC20053C141 /* CollectionViewCell.swift */ = {isa = PBXFileReference; fileEncoding = 4; lastKnownFileType = sourcecode.swift; name = CollectionViewCell.swift; path = Subviews/Cell/CollectionViewCell.swift; sourceTree = "<group>"; };
		F22CBC000ADB029A4EF06C1D /* Pods_mega_calendar_mega_calendarUITests.framework */ = {isa = PBXFileReference; explicitFileType = wrapper.framework; includeInIndex = 0; path = Pods_mega_calendar_mega_calendarUITests.framework; sourceTree = BUILT_PRODUCTS_DIR; };
		F8F20462470B3B407CFD7F7D /* Pods-mega-calendar-mega-calendarUITests.release.xcconfig */ = {isa = PBXFileReference; includeInIndex = 1; lastKnownFileType = text.xcconfig; name = "Pods-mega-calendar-mega-calendarUITests.release.xcconfig"; path = "Target Support Files/Pods-mega-calendar-mega-calendarUITests/Pods-mega-calendar-mega-calendarUITests.release.xcconfig"; sourceTree = "<group>"; };
/* End PBXFileReference section */

/* Begin PBXFrameworksBuildPhase section */
		BC0AF69329F4540700B0EBE3 /* Frameworks */ = {
			isa = PBXFrameworksBuildPhase;
			buildActionMask = 2147483647;
			files = (
				C36278DE3D4E117687917422 /* Pods_mega_calendar.framework in Frameworks */,
			);
			runOnlyForDeploymentPostprocessing = 0;
		};
		BC0AF6A929F4540800B0EBE3 /* Frameworks */ = {
			isa = PBXFrameworksBuildPhase;
			buildActionMask = 2147483647;
			files = (
				56D4E54EA45E65204839CA20 /* Pods_mega_calendarTests.framework in Frameworks */,
			);
			runOnlyForDeploymentPostprocessing = 0;
		};
		BC0AF6B329F4540800B0EBE3 /* Frameworks */ = {
			isa = PBXFrameworksBuildPhase;
			buildActionMask = 2147483647;
			files = (
				11E612298BEA918E75294C60 /* Pods_mega_calendar_mega_calendarUITests.framework in Frameworks */,
			);
			runOnlyForDeploymentPostprocessing = 0;
		};
/* End PBXFrameworksBuildPhase section */

/* Begin PBXGroup section */
		9B703D78186B62B5C303204E /* Pods */ = {
			isa = PBXGroup;
			children = (
				4B83EF393C1E4879C21A4171 /* Pods-mega-calendar.debug.xcconfig */,
				B66FA314B41E860940B540A2 /* Pods-mega-calendar.release.xcconfig */,
				30870C0E01F985A1616881B2 /* Pods-mega-calendar-mega-calendarUITests.debug.xcconfig */,
				F8F20462470B3B407CFD7F7D /* Pods-mega-calendar-mega-calendarUITests.release.xcconfig */,
				BA275A36E696D246FAC20B6C /* Pods-mega-calendarTests.debug.xcconfig */,
				4BEC3836DCC865F3062EC4FC /* Pods-mega-calendarTests.release.xcconfig */,
			);
			path = Pods;
			sourceTree = "<group>";
		};
		BC0AF68D29F4540700B0EBE3 = {
			isa = PBXGroup;
			children = (
				BC0AF69829F4540700B0EBE3 /* mega-calendar */,
				BC0AF6AF29F4540800B0EBE3 /* mega-calendarTests */,
				BC0AF6B929F4540800B0EBE3 /* mega-calendarUITests */,
				BC0AF69729F4540700B0EBE3 /* Products */,
				9B703D78186B62B5C303204E /* Pods */,
				F9ED51985A106CB0640CCC2B /* Frameworks */,
			);
			sourceTree = "<group>";
		};
		BC0AF69729F4540700B0EBE3 /* Products */ = {
			isa = PBXGroup;
			children = (
				BC0AF69629F4540700B0EBE3 /* mega-calendar.app */,
				BC0AF6AC29F4540800B0EBE3 /* mega-calendarTests.xctest */,
				BC0AF6B629F4540800B0EBE3 /* mega-calendarUITests.xctest */,
			);
			name = Products;
			sourceTree = "<group>";
		};
		BC0AF69829F4540700B0EBE3 /* mega-calendar */ = {
			isa = PBXGroup;
			children = (
				436A068229F7A0F90058F4C4 /* SectionHeader.txt.swift */,
				BC20AEC529F45AC20053C141 /* CollectionViewCell.swift */,
				BC20AEC329F45AAE0053C141 /* PopUpDatePickerView.swift */,
				BC20AEC129F45AA00053C141 /* DatePickerView.swift */,
				BC0AF69929F4540700B0EBE3 /* AppDelegate.swift */,
				BC0AF69B29F4540700B0EBE3 /* SceneDelegate.swift */,
				BC0AF69D29F4540700B0EBE3 /* ViewController.swift */,
				BC0AF69F29F4540700B0EBE3 /* Main.storyboard */,
				BC0AF6A229F4540800B0EBE3 /* Assets.xcassets */,
				BC0AF6A429F4540800B0EBE3 /* LaunchScreen.storyboard */,
				BC0AF6A729F4540800B0EBE3 /* Info.plist */,
			);
			path = "mega-calendar";
			sourceTree = "<group>";
		};
		BC0AF6AF29F4540800B0EBE3 /* mega-calendarTests */ = {
			isa = PBXGroup;
			children = (
				BC0AF6B029F4540800B0EBE3 /* mega_calendarTests.swift */,
			);
			path = "mega-calendarTests";
			sourceTree = "<group>";
		};
		BC0AF6B929F4540800B0EBE3 /* mega-calendarUITests */ = {
			isa = PBXGroup;
			children = (
				BC0AF6BA29F4540800B0EBE3 /* mega_calendarUITests.swift */,
				BC0AF6BC29F4540800B0EBE3 /* mega_calendarUITestsLaunchTests.swift */,
			);
			path = "mega-calendarUITests";
			sourceTree = "<group>";
		};
		F9ED51985A106CB0640CCC2B /* Frameworks */ = {
			isa = PBXGroup;
			children = (
				0D989A9EAD4AF2D4D6498616 /* Pods_mega_calendar.framework */,
				F22CBC000ADB029A4EF06C1D /* Pods_mega_calendar_mega_calendarUITests.framework */,
				0B7B254E184F66B278F74378 /* Pods_mega_calendarTests.framework */,
			);
			name = Frameworks;
			sourceTree = "<group>";
		};
/* End PBXGroup section */

/* Begin PBXNativeTarget section */
		BC0AF69529F4540700B0EBE3 /* mega-calendar */ = {
			isa = PBXNativeTarget;
			buildConfigurationList = BC0AF6C029F4540800B0EBE3 /* Build configuration list for PBXNativeTarget "mega-calendar" */;
			buildPhases = (
				A865E5C2B825D7FE83AE9BE6 /* [CP] Check Pods Manifest.lock */,
				BC0AF69229F4540700B0EBE3 /* Sources */,
				BC0AF69329F4540700B0EBE3 /* Frameworks */,
				BC0AF69429F4540700B0EBE3 /* Resources */,
				50060847BAF7A0B959A2AA61 /* [CP] Embed Pods Frameworks */,
			);
			buildRules = (
			);
			dependencies = (
			);
			name = "mega-calendar";
			productName = "mega-calendar";
			productReference = BC0AF69629F4540700B0EBE3 /* mega-calendar.app */;
			productType = "com.apple.product-type.application";
		};
		BC0AF6AB29F4540800B0EBE3 /* mega-calendarTests */ = {
			isa = PBXNativeTarget;
			buildConfigurationList = BC0AF6C329F4540800B0EBE3 /* Build configuration list for PBXNativeTarget "mega-calendarTests" */;
			buildPhases = (
				6DACAC1121D36BF492907E94 /* [CP] Check Pods Manifest.lock */,
				BC0AF6A829F4540800B0EBE3 /* Sources */,
				BC0AF6A929F4540800B0EBE3 /* Frameworks */,
				BC0AF6AA29F4540800B0EBE3 /* Resources */,
			);
			buildRules = (
			);
			dependencies = (
				BC0AF6AE29F4540800B0EBE3 /* PBXTargetDependency */,
			);
			name = "mega-calendarTests";
			productName = "mega-calendarTests";
			productReference = BC0AF6AC29F4540800B0EBE3 /* mega-calendarTests.xctest */;
			productType = "com.apple.product-type.bundle.unit-test";
		};
		BC0AF6B529F4540800B0EBE3 /* mega-calendarUITests */ = {
			isa = PBXNativeTarget;
			buildConfigurationList = BC0AF6C629F4540800B0EBE3 /* Build configuration list for PBXNativeTarget "mega-calendarUITests" */;
			buildPhases = (
				E9F799D927676B8729971ED2 /* [CP] Check Pods Manifest.lock */,
				BC0AF6B229F4540800B0EBE3 /* Sources */,
				BC0AF6B329F4540800B0EBE3 /* Frameworks */,
				BC0AF6B429F4540800B0EBE3 /* Resources */,
				505742E8F53F9E4B731D540A /* [CP] Embed Pods Frameworks */,
			);
			buildRules = (
			);
			dependencies = (
				BC0AF6B829F4540800B0EBE3 /* PBXTargetDependency */,
			);
			name = "mega-calendarUITests";
			productName = "mega-calendarUITests";
			productReference = BC0AF6B629F4540800B0EBE3 /* mega-calendarUITests.xctest */;
			productType = "com.apple.product-type.bundle.ui-testing";
		};
/* End PBXNativeTarget section */

/* Begin PBXProject section */
		BC0AF68E29F4540700B0EBE3 /* Project object */ = {
			isa = PBXProject;
			attributes = {
				BuildIndependentTargetsInParallel = 1;
				LastSwiftUpdateCheck = 1430;
				LastUpgradeCheck = 1430;
				TargetAttributes = {
					BC0AF69529F4540700B0EBE3 = {
						CreatedOnToolsVersion = 14.3;
					};
					BC0AF6AB29F4540800B0EBE3 = {
						CreatedOnToolsVersion = 14.3;
						TestTargetID = BC0AF69529F4540700B0EBE3;
					};
					BC0AF6B529F4540800B0EBE3 = {
						CreatedOnToolsVersion = 14.3;
						TestTargetID = BC0AF69529F4540700B0EBE3;
					};
				};
			};
			buildConfigurationList = BC0AF69129F4540700B0EBE3 /* Build configuration list for PBXProject "mega-calendar" */;
			compatibilityVersion = "Xcode 14.0";
			developmentRegion = en;
			hasScannedForEncodings = 0;
			knownRegions = (
				en,
				Base,
			);
			mainGroup = BC0AF68D29F4540700B0EBE3;
			productRefGroup = BC0AF69729F4540700B0EBE3 /* Products */;
			projectDirPath = "";
			projectRoot = "";
			targets = (
				BC0AF69529F4540700B0EBE3 /* mega-calendar */,
				BC0AF6AB29F4540800B0EBE3 /* mega-calendarTests */,
				BC0AF6B529F4540800B0EBE3 /* mega-calendarUITests */,
			);
		};
/* End PBXProject section */

/* Begin PBXResourcesBuildPhase section */
		BC0AF69429F4540700B0EBE3 /* Resources */ = {
			isa = PBXResourcesBuildPhase;
			buildActionMask = 2147483647;
			files = (
				BC0AF6A629F4540800B0EBE3 /* LaunchScreen.storyboard in Resources */,
				BC0AF6A329F4540800B0EBE3 /* Assets.xcassets in Resources */,
				BC0AF6A129F4540700B0EBE3 /* Main.storyboard in Resources */,
			);
			runOnlyForDeploymentPostprocessing = 0;
		};
		BC0AF6AA29F4540800B0EBE3 /* Resources */ = {
			isa = PBXResourcesBuildPhase;
			buildActionMask = 2147483647;
			files = (
			);
			runOnlyForDeploymentPostprocessing = 0;
		};
		BC0AF6B429F4540800B0EBE3 /* Resources */ = {
			isa = PBXResourcesBuildPhase;
			buildActionMask = 2147483647;
			files = (
			);
			runOnlyForDeploymentPostprocessing = 0;
		};
/* End PBXResourcesBuildPhase section */

/* Begin PBXShellScriptBuildPhase section */
		50060847BAF7A0B959A2AA61 /* [CP] Embed Pods Frameworks */ = {
			isa = PBXShellScriptBuildPhase;
			buildActionMask = 2147483647;
			files = (
			);
			inputFileListPaths = (
				"${PODS_ROOT}/Target Support Files/Pods-mega-calendar/Pods-mega-calendar-frameworks-${CONFIGURATION}-input-files.xcfilelist",
			);
			name = "[CP] Embed Pods Frameworks";
			outputFileListPaths = (
				"${PODS_ROOT}/Target Support Files/Pods-mega-calendar/Pods-mega-calendar-frameworks-${CONFIGURATION}-output-files.xcfilelist",
			);
			runOnlyForDeploymentPostprocessing = 0;
			shellPath = /bin/sh;
			shellScript = "\"${PODS_ROOT}/Target Support Files/Pods-mega-calendar/Pods-mega-calendar-frameworks.sh\"\n";
			showEnvVarsInLog = 0;
		};
		505742E8F53F9E4B731D540A /* [CP] Embed Pods Frameworks */ = {
			isa = PBXShellScriptBuildPhase;
			buildActionMask = 2147483647;
			files = (
			);
			inputFileListPaths = (
				"${PODS_ROOT}/Target Support Files/Pods-mega-calendar-mega-calendarUITests/Pods-mega-calendar-mega-calendarUITests-frameworks-${CONFIGURATION}-input-files.xcfilelist",
			);
			name = "[CP] Embed Pods Frameworks";
			outputFileListPaths = (
				"${PODS_ROOT}/Target Support Files/Pods-mega-calendar-mega-calendarUITests/Pods-mega-calendar-mega-calendarUITests-frameworks-${CONFIGURATION}-output-files.xcfilelist",
			);
			runOnlyForDeploymentPostprocessing = 0;
			shellPath = /bin/sh;
			shellScript = "\"${PODS_ROOT}/Target Support Files/Pods-mega-calendar-mega-calendarUITests/Pods-mega-calendar-mega-calendarUITests-frameworks.sh\"\n";
			showEnvVarsInLog = 0;
		};
		6DACAC1121D36BF492907E94 /* [CP] Check Pods Manifest.lock */ = {
			isa = PBXShellScriptBuildPhase;
			buildActionMask = 2147483647;
			files = (
			);
			inputFileListPaths = (
			);
			inputPaths = (
				"${PODS_PODFILE_DIR_PATH}/Podfile.lock",
				"${PODS_ROOT}/Manifest.lock",
			);
			name = "[CP] Check Pods Manifest.lock";
			outputFileListPaths = (
			);
			outputPaths = (
				"$(DERIVED_FILE_DIR)/Pods-mega-calendarTests-checkManifestLockResult.txt",
			);
			runOnlyForDeploymentPostprocessing = 0;
			shellPath = /bin/sh;
			shellScript = "diff \"${PODS_PODFILE_DIR_PATH}/Podfile.lock\" \"${PODS_ROOT}/Manifest.lock\" > /dev/null\nif [ $? != 0 ] ; then\n    # print error to STDERR\n    echo \"error: The sandbox is not in sync with the Podfile.lock. Run 'pod install' or update your CocoaPods installation.\" >&2\n    exit 1\nfi\n# This output is used by Xcode 'outputs' to avoid re-running this script phase.\necho \"SUCCESS\" > \"${SCRIPT_OUTPUT_FILE_0}\"\n";
			showEnvVarsInLog = 0;
		};
		A865E5C2B825D7FE83AE9BE6 /* [CP] Check Pods Manifest.lock */ = {
			isa = PBXShellScriptBuildPhase;
			buildActionMask = 2147483647;
			files = (
			);
			inputFileListPaths = (
			);
			inputPaths = (
				"${PODS_PODFILE_DIR_PATH}/Podfile.lock",
				"${PODS_ROOT}/Manifest.lock",
			);
			name = "[CP] Check Pods Manifest.lock";
			outputFileListPaths = (
			);
			outputPaths = (
				"$(DERIVED_FILE_DIR)/Pods-mega-calendar-checkManifestLockResult.txt",
			);
			runOnlyForDeploymentPostprocessing = 0;
			shellPath = /bin/sh;
			shellScript = "diff \"${PODS_PODFILE_DIR_PATH}/Podfile.lock\" \"${PODS_ROOT}/Manifest.lock\" > /dev/null\nif [ $? != 0 ] ; then\n    # print error to STDERR\n    echo \"error: The sandbox is not in sync with the Podfile.lock. Run 'pod install' or update your CocoaPods installation.\" >&2\n    exit 1\nfi\n# This output is used by Xcode 'outputs' to avoid re-running this script phase.\necho \"SUCCESS\" > \"${SCRIPT_OUTPUT_FILE_0}\"\n";
			showEnvVarsInLog = 0;
		};
		E9F799D927676B8729971ED2 /* [CP] Check Pods Manifest.lock */ = {
			isa = PBXShellScriptBuildPhase;
			buildActionMask = 2147483647;
			files = (
			);
			inputFileListPaths = (
			);
			inputPaths = (
				"${PODS_PODFILE_DIR_PATH}/Podfile.lock",
				"${PODS_ROOT}/Manifest.lock",
			);
			name = "[CP] Check Pods Manifest.lock";
			outputFileListPaths = (
			);
			outputPaths = (
				"$(DERIVED_FILE_DIR)/Pods-mega-calendar-mega-calendarUITests-checkManifestLockResult.txt",
			);
			runOnlyForDeploymentPostprocessing = 0;
			shellPath = /bin/sh;
			shellScript = "diff \"${PODS_PODFILE_DIR_PATH}/Podfile.lock\" \"${PODS_ROOT}/Manifest.lock\" > /dev/null\nif [ $? != 0 ] ; then\n    # print error to STDERR\n    echo \"error: The sandbox is not in sync with the Podfile.lock. Run 'pod install' or update your CocoaPods installation.\" >&2\n    exit 1\nfi\n# This output is used by Xcode 'outputs' to avoid re-running this script phase.\necho \"SUCCESS\" > \"${SCRIPT_OUTPUT_FILE_0}\"\n";
			showEnvVarsInLog = 0;
		};
/* End PBXShellScriptBuildPhase section */

/* Begin PBXSourcesBuildPhase section */
		BC0AF69229F4540700B0EBE3 /* Sources */ = {
			isa = PBXSourcesBuildPhase;
			buildActionMask = 2147483647;
			files = (
				BC20AEC429F45AAE0053C141 /* PopUpDatePickerView.swift in Sources */,
				BC20AEC229F45AA00053C141 /* DatePickerView.swift in Sources */,
				BC20AEC629F45AC20053C141 /* CollectionViewCell.swift in Sources */,
				BC0AF69E29F4540700B0EBE3 /* ViewController.swift in Sources */,
				BC0AF69A29F4540700B0EBE3 /* AppDelegate.swift in Sources */,
				436A068329F7A0F90058F4C4 /* SectionHeader.txt.swift in Sources */,
				BC0AF69C29F4540700B0EBE3 /* SceneDelegate.swift in Sources */,
			);
			runOnlyForDeploymentPostprocessing = 0;
		};
		BC0AF6A829F4540800B0EBE3 /* Sources */ = {
			isa = PBXSourcesBuildPhase;
			buildActionMask = 2147483647;
			files = (
				BC0AF6B129F4540800B0EBE3 /* mega_calendarTests.swift in Sources */,
			);
			runOnlyForDeploymentPostprocessing = 0;
		};
		BC0AF6B229F4540800B0EBE3 /* Sources */ = {
			isa = PBXSourcesBuildPhase;
			buildActionMask = 2147483647;
			files = (
				BC0AF6BD29F4540800B0EBE3 /* mega_calendarUITestsLaunchTests.swift in Sources */,
				BC0AF6BB29F4540800B0EBE3 /* mega_calendarUITests.swift in Sources */,
			);
			runOnlyForDeploymentPostprocessing = 0;
		};
/* End PBXSourcesBuildPhase section */

/* Begin PBXTargetDependency section */
		BC0AF6AE29F4540800B0EBE3 /* PBXTargetDependency */ = {
			isa = PBXTargetDependency;
			target = BC0AF69529F4540700B0EBE3 /* mega-calendar */;
			targetProxy = BC0AF6AD29F4540800B0EBE3 /* PBXContainerItemProxy */;
		};
		BC0AF6B829F4540800B0EBE3 /* PBXTargetDependency */ = {
			isa = PBXTargetDependency;
			target = BC0AF69529F4540700B0EBE3 /* mega-calendar */;
			targetProxy = BC0AF6B729F4540800B0EBE3 /* PBXContainerItemProxy */;
		};
/* End PBXTargetDependency section */

/* Begin PBXVariantGroup section */
		BC0AF69F29F4540700B0EBE3 /* Main.storyboard */ = {
			isa = PBXVariantGroup;
			children = (
				BC0AF6A029F4540700B0EBE3 /* Base */,
			);
			name = Main.storyboard;
			sourceTree = "<group>";
		};
		BC0AF6A429F4540800B0EBE3 /* LaunchScreen.storyboard */ = {
			isa = PBXVariantGroup;
			children = (
				BC0AF6A529F4540800B0EBE3 /* Base */,
			);
			name = LaunchScreen.storyboard;
			sourceTree = "<group>";
		};
/* End PBXVariantGroup section */

/* Begin XCBuildConfiguration section */
		BC0AF6BE29F4540800B0EBE3 /* Debug */ = {
			isa = XCBuildConfiguration;
			buildSettings = {
				ALWAYS_SEARCH_USER_PATHS = NO;
				CLANG_ANALYZER_NONNULL = YES;
				CLANG_ANALYZER_NUMBER_OBJECT_CONVERSION = YES_AGGRESSIVE;
				CLANG_CXX_LANGUAGE_STANDARD = "gnu++20";
				CLANG_ENABLE_MODULES = YES;
				CLANG_ENABLE_OBJC_ARC = YES;
				CLANG_ENABLE_OBJC_WEAK = YES;
				CLANG_WARN_BLOCK_CAPTURE_AUTORELEASING = YES;
				CLANG_WARN_BOOL_CONVERSION = YES;
				CLANG_WARN_COMMA = YES;
				CLANG_WARN_CONSTANT_CONVERSION = YES;
				CLANG_WARN_DEPRECATED_OBJC_IMPLEMENTATIONS = YES;
				CLANG_WARN_DIRECT_OBJC_ISA_USAGE = YES_ERROR;
				CLANG_WARN_DOCUMENTATION_COMMENTS = YES;
				CLANG_WARN_EMPTY_BODY = YES;
				CLANG_WARN_ENUM_CONVERSION = YES;
				CLANG_WARN_INFINITE_RECURSION = YES;
				CLANG_WARN_INT_CONVERSION = YES;
				CLANG_WARN_NON_LITERAL_NULL_CONVERSION = YES;
				CLANG_WARN_OBJC_IMPLICIT_RETAIN_SELF = YES;
				CLANG_WARN_OBJC_LITERAL_CONVERSION = YES;
				CLANG_WARN_OBJC_ROOT_CLASS = YES_ERROR;
				CLANG_WARN_QUOTED_INCLUDE_IN_FRAMEWORK_HEADER = YES;
				CLANG_WARN_RANGE_LOOP_ANALYSIS = YES;
				CLANG_WARN_STRICT_PROTOTYPES = YES;
				CLANG_WARN_SUSPICIOUS_MOVE = YES;
				CLANG_WARN_UNGUARDED_AVAILABILITY = YES_AGGRESSIVE;
				CLANG_WARN_UNREACHABLE_CODE = YES;
				CLANG_WARN__DUPLICATE_METHOD_MATCH = YES;
				COPY_PHASE_STRIP = NO;
				DEBUG_INFORMATION_FORMAT = dwarf;
				ENABLE_STRICT_OBJC_MSGSEND = YES;
				ENABLE_TESTABILITY = YES;
				GCC_C_LANGUAGE_STANDARD = gnu11;
				GCC_DYNAMIC_NO_PIC = NO;
				GCC_NO_COMMON_BLOCKS = YES;
				GCC_OPTIMIZATION_LEVEL = 0;
				GCC_PREPROCESSOR_DEFINITIONS = (
					"DEBUG=1",
					"$(inherited)",
				);
				GCC_WARN_64_TO_32_BIT_CONVERSION = YES;
				GCC_WARN_ABOUT_RETURN_TYPE = YES_ERROR;
				GCC_WARN_UNDECLARED_SELECTOR = YES;
				GCC_WARN_UNINITIALIZED_AUTOS = YES_AGGRESSIVE;
				GCC_WARN_UNUSED_FUNCTION = YES;
				GCC_WARN_UNUSED_VARIABLE = YES;
				IPHONEOS_DEPLOYMENT_TARGET = 16.4;
				MTL_ENABLE_DEBUG_INFO = INCLUDE_SOURCE;
				MTL_FAST_MATH = YES;
				ONLY_ACTIVE_ARCH = YES;
				SDKROOT = iphoneos;
				SWIFT_ACTIVE_COMPILATION_CONDITIONS = DEBUG;
				SWIFT_OPTIMIZATION_LEVEL = "-Onone";
			};
			name = Debug;
		};
		BC0AF6BF29F4540800B0EBE3 /* Release */ = {
			isa = XCBuildConfiguration;
			buildSettings = {
				ALWAYS_SEARCH_USER_PATHS = NO;
				CLANG_ANALYZER_NONNULL = YES;
				CLANG_ANALYZER_NUMBER_OBJECT_CONVERSION = YES_AGGRESSIVE;
				CLANG_CXX_LANGUAGE_STANDARD = "gnu++20";
				CLANG_ENABLE_MODULES = YES;
				CLANG_ENABLE_OBJC_ARC = YES;
				CLANG_ENABLE_OBJC_WEAK = YES;
				CLANG_WARN_BLOCK_CAPTURE_AUTORELEASING = YES;
				CLANG_WARN_BOOL_CONVERSION = YES;
				CLANG_WARN_COMMA = YES;
				CLANG_WARN_CONSTANT_CONVERSION = YES;
				CLANG_WARN_DEPRECATED_OBJC_IMPLEMENTATIONS = YES;
				CLANG_WARN_DIRECT_OBJC_ISA_USAGE = YES_ERROR;
				CLANG_WARN_DOCUMENTATION_COMMENTS = YES;
				CLANG_WARN_EMPTY_BODY = YES;
				CLANG_WARN_ENUM_CONVERSION = YES;
				CLANG_WARN_INFINITE_RECURSION = YES;
				CLANG_WARN_INT_CONVERSION = YES;
				CLANG_WARN_NON_LITERAL_NULL_CONVERSION = YES;
				CLANG_WARN_OBJC_IMPLICIT_RETAIN_SELF = YES;
				CLANG_WARN_OBJC_LITERAL_CONVERSION = YES;
				CLANG_WARN_OBJC_ROOT_CLASS = YES_ERROR;
				CLANG_WARN_QUOTED_INCLUDE_IN_FRAMEWORK_HEADER = YES;
				CLANG_WARN_RANGE_LOOP_ANALYSIS = YES;
				CLANG_WARN_STRICT_PROTOTYPES = YES;
				CLANG_WARN_SUSPICIOUS_MOVE = YES;
				CLANG_WARN_UNGUARDED_AVAILABILITY = YES_AGGRESSIVE;
				CLANG_WARN_UNREACHABLE_CODE = YES;
				CLANG_WARN__DUPLICATE_METHOD_MATCH = YES;
				COPY_PHASE_STRIP = NO;
				DEBUG_INFORMATION_FORMAT = "dwarf-with-dsym";
				ENABLE_NS_ASSERTIONS = NO;
				ENABLE_STRICT_OBJC_MSGSEND = YES;
				GCC_C_LANGUAGE_STANDARD = gnu11;
				GCC_NO_COMMON_BLOCKS = YES;
				GCC_WARN_64_TO_32_BIT_CONVERSION = YES;
				GCC_WARN_ABOUT_RETURN_TYPE = YES_ERROR;
				GCC_WARN_UNDECLARED_SELECTOR = YES;
				GCC_WARN_UNINITIALIZED_AUTOS = YES_AGGRESSIVE;
				GCC_WARN_UNUSED_FUNCTION = YES;
				GCC_WARN_UNUSED_VARIABLE = YES;
				IPHONEOS_DEPLOYMENT_TARGET = 16.4;
				MTL_ENABLE_DEBUG_INFO = NO;
				MTL_FAST_MATH = YES;
				SDKROOT = iphoneos;
				SWIFT_COMPILATION_MODE = wholemodule;
				SWIFT_OPTIMIZATION_LEVEL = "-O";
				VALIDATE_PRODUCT = YES;
			};
			name = Release;
		};
		BC0AF6C129F4540800B0EBE3 /* Debug */ = {
			isa = XCBuildConfiguration;
			baseConfigurationReference = 4B83EF393C1E4879C21A4171 /* Pods-mega-calendar.debug.xcconfig */;
			buildSettings = {
				ASSETCATALOG_COMPILER_APPICON_NAME = AppIcon;
				ASSETCATALOG_COMPILER_GLOBAL_ACCENT_COLOR_NAME = AccentColor;
				CODE_SIGN_STYLE = Automatic;
				CURRENT_PROJECT_VERSION = 1;
				GENERATE_INFOPLIST_FILE = YES;
				INFOPLIST_FILE = "mega-calendar/Info.plist";
				INFOPLIST_KEY_UIApplicationSupportsIndirectInputEvents = YES;
				INFOPLIST_KEY_UILaunchStoryboardName = LaunchScreen;
				INFOPLIST_KEY_UIMainStoryboardFile = Main;
				INFOPLIST_KEY_UISupportedInterfaceOrientations_iPad = "UIInterfaceOrientationPortrait UIInterfaceOrientationPortraitUpsideDown UIInterfaceOrientationLandscapeLeft UIInterfaceOrientationLandscapeRight";
				INFOPLIST_KEY_UISupportedInterfaceOrientations_iPhone = "UIInterfaceOrientationPortrait UIInterfaceOrientationLandscapeLeft UIInterfaceOrientationLandscapeRight";
				LD_RUNPATH_SEARCH_PATHS = (
					"$(inherited)",
					"@executable_path/Frameworks",
				);
				MARKETING_VERSION = 1.0;
				PRODUCT_BUNDLE_IDENTIFIER = "com.mega-calendar.mega-calendar";
				PRODUCT_NAME = "$(TARGET_NAME)";
				SWIFT_EMIT_LOC_STRINGS = YES;
				SWIFT_VERSION = 5.0;
				TARGETED_DEVICE_FAMILY = "1,2";
			};
			name = Debug;
		};
		BC0AF6C229F4540800B0EBE3 /* Release */ = {
			isa = XCBuildConfiguration;
			baseConfigurationReference = B66FA314B41E860940B540A2 /* Pods-mega-calendar.release.xcconfig */;
			buildSettings = {
				ASSETCATALOG_COMPILER_APPICON_NAME = AppIcon;
				ASSETCATALOG_COMPILER_GLOBAL_ACCENT_COLOR_NAME = AccentColor;
				CODE_SIGN_STYLE = Automatic;
				CURRENT_PROJECT_VERSION = 1;
				GENERATE_INFOPLIST_FILE = YES;
				INFOPLIST_FILE = "mega-calendar/Info.plist";
				INFOPLIST_KEY_UIApplicationSupportsIndirectInputEvents = YES;
				INFOPLIST_KEY_UILaunchStoryboardName = LaunchScreen;
				INFOPLIST_KEY_UIMainStoryboardFile = Main;
				INFOPLIST_KEY_UISupportedInterfaceOrientations_iPad = "UIInterfaceOrientationPortrait UIInterfaceOrientationPortraitUpsideDown UIInterfaceOrientationLandscapeLeft UIInterfaceOrientationLandscapeRight";
				INFOPLIST_KEY_UISupportedInterfaceOrientations_iPhone = "UIInterfaceOrientationPortrait UIInterfaceOrientationLandscapeLeft UIInterfaceOrientationLandscapeRight";
				LD_RUNPATH_SEARCH_PATHS = (
					"$(inherited)",
					"@executable_path/Frameworks",
				);
				MARKETING_VERSION = 1.0;
				PRODUCT_BUNDLE_IDENTIFIER = "com.mega-calendar.mega-calendar";
				PRODUCT_NAME = "$(TARGET_NAME)";
				SWIFT_EMIT_LOC_STRINGS = YES;
				SWIFT_VERSION = 5.0;
				TARGETED_DEVICE_FAMILY = "1,2";
			};
			name = Release;
		};
		BC0AF6C429F4540800B0EBE3 /* Debug */ = {
			isa = XCBuildConfiguration;
			baseConfigurationReference = BA275A36E696D246FAC20B6C /* Pods-mega-calendarTests.debug.xcconfig */;
			buildSettings = {
				ALWAYS_EMBED_SWIFT_STANDARD_LIBRARIES = YES;
				BUNDLE_LOADER = "$(TEST_HOST)";
				CODE_SIGN_STYLE = Automatic;
				CURRENT_PROJECT_VERSION = 1;
				GENERATE_INFOPLIST_FILE = YES;
				IPHONEOS_DEPLOYMENT_TARGET = 16.4;
				MARKETING_VERSION = 1.0;
				PRODUCT_BUNDLE_IDENTIFIER = "com.mega-calendar.mega-calendarTests";
				PRODUCT_NAME = "$(TARGET_NAME)";
				SWIFT_EMIT_LOC_STRINGS = NO;
				SWIFT_VERSION = 5.0;
				TARGETED_DEVICE_FAMILY = "1,2";
				TEST_HOST = "$(BUILT_PRODUCTS_DIR)/mega-calendar.app/$(BUNDLE_EXECUTABLE_FOLDER_PATH)/mega-calendar";
			};
			name = Debug;
		};
		BC0AF6C529F4540800B0EBE3 /* Release */ = {
			isa = XCBuildConfiguration;
			baseConfigurationReference = 4BEC3836DCC865F3062EC4FC /* Pods-mega-calendarTests.release.xcconfig */;
			buildSettings = {
				ALWAYS_EMBED_SWIFT_STANDARD_LIBRARIES = YES;
				BUNDLE_LOADER = "$(TEST_HOST)";
				CODE_SIGN_STYLE = Automatic;
				CURRENT_PROJECT_VERSION = 1;
				GENERATE_INFOPLIST_FILE = YES;
				IPHONEOS_DEPLOYMENT_TARGET = 16.4;
				MARKETING_VERSION = 1.0;
				PRODUCT_BUNDLE_IDENTIFIER = "com.mega-calendar.mega-calendarTests";
				PRODUCT_NAME = "$(TARGET_NAME)";
				SWIFT_EMIT_LOC_STRINGS = NO;
				SWIFT_VERSION = 5.0;
				TARGETED_DEVICE_FAMILY = "1,2";
				TEST_HOST = "$(BUILT_PRODUCTS_DIR)/mega-calendar.app/$(BUNDLE_EXECUTABLE_FOLDER_PATH)/mega-calendar";
			};
			name = Release;
		};
		BC0AF6C729F4540800B0EBE3 /* Debug */ = {
			isa = XCBuildConfiguration;
			baseConfigurationReference = 30870C0E01F985A1616881B2 /* Pods-mega-calendar-mega-calendarUITests.debug.xcconfig */;
			buildSettings = {
				ALWAYS_EMBED_SWIFT_STANDARD_LIBRARIES = YES;
				CODE_SIGN_STYLE = Automatic;
				CURRENT_PROJECT_VERSION = 1;
				GENERATE_INFOPLIST_FILE = YES;
				MARKETING_VERSION = 1.0;
				PRODUCT_BUNDLE_IDENTIFIER = "com.mega-calendar.mega-calendarUITests";
				PRODUCT_NAME = "$(TARGET_NAME)";
				SWIFT_EMIT_LOC_STRINGS = NO;
				SWIFT_VERSION = 5.0;
				TARGETED_DEVICE_FAMILY = "1,2";
				TEST_TARGET_NAME = "mega-calendar";
			};
			name = Debug;
		};
		BC0AF6C829F4540800B0EBE3 /* Release */ = {
			isa = XCBuildConfiguration;
			baseConfigurationReference = F8F20462470B3B407CFD7F7D /* Pods-mega-calendar-mega-calendarUITests.release.xcconfig */;
			buildSettings = {
				ALWAYS_EMBED_SWIFT_STANDARD_LIBRARIES = YES;
				CODE_SIGN_STYLE = Automatic;
				CURRENT_PROJECT_VERSION = 1;
				GENERATE_INFOPLIST_FILE = YES;
				MARKETING_VERSION = 1.0;
				PRODUCT_BUNDLE_IDENTIFIER = "com.mega-calendar.mega-calendarUITests";
				PRODUCT_NAME = "$(TARGET_NAME)";
				SWIFT_EMIT_LOC_STRINGS = NO;
				SWIFT_VERSION = 5.0;
				TARGETED_DEVICE_FAMILY = "1,2";
				TEST_TARGET_NAME = "mega-calendar";
			};
			name = Release;
		};
/* End XCBuildConfiguration section */

/* Begin XCConfigurationList section */
		BC0AF69129F4540700B0EBE3 /* Build configuration list for PBXProject "mega-calendar" */ = {
			isa = XCConfigurationList;
			buildConfigurations = (
				BC0AF6BE29F4540800B0EBE3 /* Debug */,
				BC0AF6BF29F4540800B0EBE3 /* Release */,
			);
			defaultConfigurationIsVisible = 0;
			defaultConfigurationName = Release;
		};
		BC0AF6C029F4540800B0EBE3 /* Build configuration list for PBXNativeTarget "mega-calendar" */ = {
			isa = XCConfigurationList;
			buildConfigurations = (
				BC0AF6C129F4540800B0EBE3 /* Debug */,
				BC0AF6C229F4540800B0EBE3 /* Release */,
			);
			defaultConfigurationIsVisible = 0;
			defaultConfigurationName = Release;
		};
		BC0AF6C329F4540800B0EBE3 /* Build configuration list for PBXNativeTarget "mega-calendarTests" */ = {
			isa = XCConfigurationList;
			buildConfigurations = (
				BC0AF6C429F4540800B0EBE3 /* Debug */,
				BC0AF6C529F4540800B0EBE3 /* Release */,
			);
			defaultConfigurationIsVisible = 0;
			defaultConfigurationName = Release;
		};
		BC0AF6C629F4540800B0EBE3 /* Build configuration list for PBXNativeTarget "mega-calendarUITests" */ = {
			isa = XCConfigurationList;
			buildConfigurations = (
				BC0AF6C729F4540800B0EBE3 /* Debug */,
				BC0AF6C829F4540800B0EBE3 /* Release */,
			);
			defaultConfigurationIsVisible = 0;
			defaultConfigurationName = Release;
		};
/* End XCConfigurationList section */
	};
	rootObject = BC0AF68E29F4540700B0EBE3 /* Project object */;
}
